{
  "version": 4,
  "terraform_version": "1.2.5",
  "serial": 6,
  "lineage": "2f86eb3d-c360-5316-8bd6-c0aaec0987e9",
  "outputs": {},
  "resources": [
    {
      "mode": "managed",
      "type": "google_spanner_database",
      "name": "database",
      "provider": "provider[\"registry.terraform.io/hashicorp/google\"]",
      "instances": [
        {
          "status": "tainted",
          "schema_version": 0,
          "attributes": {
            "database_dialect": null,
            "ddl": [
              "CREATE TABLE temp_table (ShipName STRING(200), Registry STRING(200), ShipClass STRING(200), Description STRING(2560), ) PRIMARY KEY(Registry);"
            ],
            "deletion_protection": false,
            "encryption_config": [],
            "id": "spanner-temp/temp-db",
            "instance": "spanner-temp",
            "name": "temp-db",
            "project": "qwiklabs-gcp-00-40b9c9a312a0",
            "state": null,
            "timeouts": null,
            "version_retention_period": null
          },
          "sensitive_attributes": [],
          "private": "eyJlMmJmYjczMC1lY2FhLTExZTYtOGY4OC0zNDM2M2JjN2M0YzAiOnsiY3JlYXRlIjoxMjAwMDAwMDAwMDAwLCJkZWxldGUiOjEyMDAwMDAwMDAwMDAsInVwZGF0ZSI6MTIwMDAwMDAwMDAwMH19",
          "dependencies": [
            "google_spanner_instance.challenge"
          ]
        }
      ]
    },
    {
      "mode": "managed",
      "type": "google_spanner_instance",
      "name": "challenge",
      "provider": "provider[\"registry.terraform.io/hashicorp/google\"]",
      "instances": [
        {
          "schema_version": 0,
          "attributes": {
            "config": "projects/qwiklabs-gcp-00-40b9c9a312a0/instanceConfigs/regional-us-central1",
            "display_name": "spanner-temp",
            "force_destroy": false,
            "id": "qwiklabs-gcp-00-40b9c9a312a0/spanner-temp",
            "labels": {},
            "name": "spanner-temp",
            "num_nodes": 0,
            "processing_units": 100,
            "project": "qwiklabs-gcp-00-40b9c9a312a0",
            "state": "READY",
            "timeouts": null
          },
          "sensitive_attributes": [],
          "private": "eyJlMmJmYjczMC1lY2FhLTExZTYtOGY4OC0zNDM2M2JjN2M0YzAiOnsiY3JlYXRlIjoxMjAwMDAwMDAwMDAwLCJkZWxldGUiOjEyMDAwMDAwMDAwMDAsInVwZGF0ZSI6MTIwMDAwMDAwMDAwMH19"
        }
      ]
    }
  ]
}
